
Microsoft Visual Studio Solution File, Format Version 12.00
# Visual Studio Version 16
VisualStudioVersion = 16.0.30309.148
MinimumVisualStudioVersion = 10.0.40219.1
Project("{2150E333-8FDC-42A3-9474-1A3956D46DE8}") = "src", "src", "{1CCDF56C-CB11-4174-8C8B-6E612E201029}"
EndProject
Project("{2150E333-8FDC-42A3-9474-1A3956D46DE8}") = "services", "services", "{D0B1B45C-AF77-4F92-ABAE-5881510910A1}"
EndProject
Project("{2150E333-8FDC-42A3-9474-1A3956D46DE8}") = "web", "web", "{A266AF27-99B1-42BA-B38F-8A9CEBE56FBE}"
EndProject
Project("{9A19103F-16F7-4668-BE54-9A1E7A4F7556}") = "ProductCatalogApi", "ProductCatalogApi\ProductCatalogApi.csproj", "{17A607D0-30C6-4300-8984-096F9063F421}"
EndProject
Project("{E53339B2-1760-4266-BCC7-CA923CBCF16C}") = "docker-compose", "docker-compose.dcproj", "{C9835EA5-D08B-4174-B41E-A38160C1AAA7}"
EndProject
Project("{9A19103F-16F7-4668-BE54-9A1E7A4F7556}") = "WebMVC", "WebMVC\WebMVC.csproj", "{ADDB404F-2664-4A9A-9908-5101EC4B5E05}"
EndProject
Project("{9A19103F-16F7-4668-BE54-9A1E7A4F7556}") = "TokenServiceApi", "TokenServiceApi\TokenServiceApi.csproj", "{56A8961A-99A0-402C-A8B0-8C12DD7D88E4}"
EndProject
Global
	GlobalSection(SolutionConfigurationPlatforms) = preSolution
		Debug|Any CPU = Debug|Any CPU
		Release|Any CPU = Release|Any CPU
	EndGlobalSection
	GlobalSection(ProjectConfigurationPlatforms) = postSolution
		{17A607D0-30C6-4300-8984-096F9063F421}.Debug|Any CPU.ActiveCfg = Debug|Any CPU
		{17A607D0-30C6-4300-8984-096F9063F421}.Debug|Any CPU.Build.0 = Debug|Any CPU
		{17A607D0-30C6-4300-8984-096F9063F421}.Release|Any CPU.ActiveCfg = Release|Any CPU
		{17A607D0-30C6-4300-8984-096F9063F421}.Release|Any CPU.Build.0 = Release|Any CPU
		{C9835EA5-D08B-4174-B41E-A38160C1AAA7}.Debug|Any CPU.ActiveCfg = Debug|Any CPU
		{C9835EA5-D08B-4174-B41E-A38160C1AAA7}.Debug|Any CPU.Build.0 = Debug|Any CPU
		{C9835EA5-D08B-4174-B41E-A38160C1AAA7}.Release|Any CPU.ActiveCfg = Release|Any CPU
		{C9835EA5-D08B-4174-B41E-A38160C1AAA7}.Release|Any CPU.Build.0 = Release|Any CPU
		{ADDB404F-2664-4A9A-9908-5101EC4B5E05}.Debug|Any CPU.ActiveCfg = Debug|Any CPU
		{ADDB404F-2664-4A9A-9908-5101EC4B5E05}.Debug|Any CPU.Build.0 = Debug|Any CPU
		{ADDB404F-2664-4A9A-9908-5101EC4B5E05}.Release|Any CPU.ActiveCfg = Release|Any CPU
		{ADDB404F-2664-4A9A-9908-5101EC4B5E05}.Release|Any CPU.Build.0 = Release|Any CPU
		{56A8961A-99A0-402C-A8B0-8C12DD7D88E4}.Debug|Any CPU.ActiveCfg = Debug|Any CPU
		{56A8961A-99A0-402C-A8B0-8C12DD7D88E4}.Debug|Any CPU.Build.0 = Debug|Any CPU
		{56A8961A-99A0-402C-A8B0-8C12DD7D88E4}.Release|Any CPU.ActiveCfg = Release|Any CPU
		{56A8961A-99A0-402C-A8B0-8C12DD7D88E4}.Release|Any CPU.Build.0 = Release|Any CPU
	EndGlobalSection
	GlobalSection(SolutionProperties) = preSolution
		HideSolutionNode = FALSE
	EndGlobalSection
	GlobalSection(NestedProjects) = preSolution
		{D0B1B45C-AF77-4F92-ABAE-5881510910A1} = {1CCDF56C-CB11-4174-8C8B-6E612E201029}
		{A266AF27-99B1-42BA-B38F-8A9CEBE56FBE} = {1CCDF56C-CB11-4174-8C8B-6E612E201029}
		{17A607D0-30C6-4300-8984-096F9063F421} = {D0B1B45C-AF77-4F92-ABAE-5881510910A1}
		{ADDB404F-2664-4A9A-9908-5101EC4B5E05} = {A266AF27-99B1-42BA-B38F-8A9CEBE56FBE}
		{56A8961A-99A0-402C-A8B0-8C12DD7D88E4} = {D0B1B45C-AF77-4F92-ABAE-5881510910A1}
	EndGlobalSection
	GlobalSection(ExtensibilityGlobals) = postSolution
		SolutionGuid = {3475D248-CF35-447E-9906-21723327E2DE}
	EndGlobalSection
EndGlobal
